
Microsoft Visual Studio Solution File, Format Version 12.00
# Visual Studio Version 17
VisualStudioVersion = 17.10.35122.118
MinimumVisualStudioVersion = 10.0.40219.1
Project("{9A19103F-16F7-4668-BE54-9A1E7A4F7556}") = "LavadoAutoAPI", "LavadoAutoAPI.csproj", "{A846A88D-51FB-4A41-A9CE-29C1C4183054}"
EndProject
Project("{9A19103F-16F7-4668-BE54-9A1E7A4F7556}") = "LavadoAuto.Domain", "..\LavadoAuto.Domain\LavadoAuto.Domain.csproj", "{B90FB542-2EA5-4F16-B16E-A97F058E6199}"
EndProject
Project("{9A19103F-16F7-4668-BE54-9A1E7A4F7556}") = "LavadoAuto.Infretruture", "..\LavadoAuto.Infretruture\LavadoAuto.Infretruture.csproj", "{F9F9C0BC-95DE-45D7-9094-5D4ABA385B31}"
	ProjectSection(ProjectDependencies) = postProject
		{B90FB542-2EA5-4F16-B16E-A97F058E6199} = {B90FB542-2EA5-4F16-B16E-A97F058E6199}
	EndProjectSection
EndProject
Project("{FAE04EC0-301F-11D3-BF4B-00C04F79EFBC}") = "LavadoAuto.Aplication", "..\LavadoAuto.Aplication\LavadoAuto.Aplication.csproj", "{3DB9601D-05D8-4533-A54B-C18AE171CD55}"
EndProject
Global
	GlobalSection(SolutionConfigurationPlatforms) = preSolution
		Debug|Any CPU = Debug|Any CPU
		Release|Any CPU = Release|Any CPU
	EndGlobalSection
	GlobalSection(ProjectConfigurationPlatforms) = postSolution
		{A846A88D-51FB-4A41-A9CE-29C1C4183054}.Debug|Any CPU.ActiveCfg = Debug|Any CPU
		{A846A88D-51FB-4A41-A9CE-29C1C4183054}.Debug|Any CPU.Build.0 = Debug|Any CPU
		{A846A88D-51FB-4A41-A9CE-29C1C4183054}.Release|Any CPU.ActiveCfg = Release|Any CPU
		{A846A88D-51FB-4A41-A9CE-29C1C4183054}.Release|Any CPU.Build.0 = Release|Any CPU
		{B90FB542-2EA5-4F16-B16E-A97F058E6199}.Debug|Any CPU.ActiveCfg = Debug|Any CPU
		{B90FB542-2EA5-4F16-B16E-A97F058E6199}.Debug|Any CPU.Build.0 = Debug|Any CPU
		{B90FB542-2EA5-4F16-B16E-A97F058E6199}.Release|Any CPU.ActiveCfg = Release|Any CPU
		{B90FB542-2EA5-4F16-B16E-A97F058E6199}.Release|Any CPU.Build.0 = Release|Any CPU
		{F9F9C0BC-95DE-45D7-9094-5D4ABA385B31}.Debug|Any CPU.ActiveCfg = Debug|Any CPU
		{F9F9C0BC-95DE-45D7-9094-5D4ABA385B31}.Debug|Any CPU.Build.0 = Debug|Any CPU
		{F9F9C0BC-95DE-45D7-9094-5D4ABA385B31}.Release|Any CPU.ActiveCfg = Release|Any CPU
		{F9F9C0BC-95DE-45D7-9094-5D4ABA385B31}.Release|Any CPU.Build.0 = Release|Any CPU
		{3DB9601D-05D8-4533-A54B-C18AE171CD55}.Debug|Any CPU.ActiveCfg = Debug|Any CPU
		{3DB9601D-05D8-4533-A54B-C18AE171CD55}.Debug|Any CPU.Build.0 = Debug|Any CPU
		{3DB9601D-05D8-4533-A54B-C18AE171CD55}.Release|Any CPU.ActiveCfg = Release|Any CPU
		{3DB9601D-05D8-4533-A54B-C18AE171CD55}.Release|Any CPU.Build.0 = Release|Any CPU
	EndGlobalSection
	GlobalSection(SolutionProperties) = preSolution
		HideSolutionNode = FALSE
	EndGlobalSection
	GlobalSection(ExtensibilityGlobals) = postSolution
		SolutionGuid = {7FEE50F0-623F-4438-A2C3-0C5C3D6C0D06}
	EndGlobalSection
EndGlobal
